// !$*UTF8*$!
{
	archiveVersion = 1;
	classes = {
	};
	objectVersion = 50;
	objects = {

/* Begin PBXBuildFile section */
		CCD8B4242B0BE05580CB2C8A /* Pods_EvaluadorSec.framework in Frameworks */ = {isa = PBXBuildFile; fileRef = A15CE399B54D8D83BE0D498F /* Pods_EvaluadorSec.framework */; };
		ED0A3F64219B113D0093251D /* resumenVC.swift in Sources */ = {isa = PBXBuildFile; fileRef = ED0A3F63219B113D0093251D /* resumenVC.swift */; };
		ED0A3F66219B1B4D0093251D /* celdaObservaciones.swift in Sources */ = {isa = PBXBuildFile; fileRef = ED0A3F65219B1B4D0093251D /* celdaObservaciones.swift */; };
		ED2A465221AEDE800091BC86 /* observacionesViewController.swift in Sources */ = {isa = PBXBuildFile; fileRef = ED2A465121AEDE800091BC86 /* observacionesViewController.swift */; };
		ED3431FF219C91BD0054A174 /* iniciarEvaluacion.swift in Sources */ = {isa = PBXBuildFile; fileRef = ED3431FE219C91BD0054A174 /* iniciarEvaluacion.swift */; };
		ED377BDA2180BC67005C993B /* EvaluacionesTableVC.swift in Sources */ = {isa = PBXBuildFile; fileRef = ED377BD92180BC67005C993B /* EvaluacionesTableVC.swift */; };
		ED49E8842187515300C228D3 /* nuevaEvaluacionVC.swift in Sources */ = {isa = PBXBuildFile; fileRef = ED49E8832187515300C228D3 /* nuevaEvaluacionVC.swift */; };
		ED49E88621877C1C00C228D3 /* celdaDatos.swift in Sources */ = {isa = PBXBuildFile; fileRef = ED49E88521877C1C00C228D3 /* celdaDatos.swift */; };
		ED778E662194B8C60094674F /* celdaDetallesEvaluacion.swift in Sources */ = {isa = PBXBuildFile; fileRef = ED778E652194B8C50094674F /* celdaDetallesEvaluacion.swift */; };
		ED778E682194BA5E0094674F /* Rubros.plist in Resources */ = {isa = PBXBuildFile; fileRef = ED778E672194BA5E0094674F /* Rubros.plist */; };
		ED7979422188EBB50084BD55 /* celdaTablaEvaluaciones.swift in Sources */ = {isa = PBXBuildFile; fileRef = ED7979412188EBB50084BD55 /* celdaTablaEvaluaciones.swift */; };
		ED8E8A10217F6EE7000D8AEE /* Docentes.plist in Resources */ = {isa = PBXBuildFile; fileRef = ED8E8A0F217F6EE7000D8AEE /* Docentes.plist */; };
		ED8E8A12217F8535000D8AEE /* celdaDocente.swift in Sources */ = {isa = PBXBuildFile; fileRef = ED8E8A11217F8535000D8AEE /* celdaDocente.swift */; };
		ED8E8A14217F85C3000D8AEE /* modeloMaestro.swift in Sources */ = {isa = PBXBuildFile; fileRef = ED8E8A13217F85C3000D8AEE /* modeloMaestro.swift */; };
		EDAEB4A1217E46EF009599D6 /* AppDelegate.swift in Sources */ = {isa = PBXBuildFile; fileRef = EDAEB4A0217E46EF009599D6 /* AppDelegate.swift */; };
		EDAEB4A3217E46EF009599D6 /* ViewController.swift in Sources */ = {isa = PBXBuildFile; fileRef = EDAEB4A2217E46EF009599D6 /* ViewController.swift */; };
		EDAEB4A6217E46EF009599D6 /* Main.storyboard in Resources */ = {isa = PBXBuildFile; fileRef = EDAEB4A4217E46EF009599D6 /* Main.storyboard */; };
		EDAEB4A8217E46F2009599D6 /* Assets.xcassets in Resources */ = {isa = PBXBuildFile; fileRef = EDAEB4A7217E46F2009599D6 /* Assets.xcassets */; };
		EDAEB4AB217E46F2009599D6 /* LaunchScreen.storyboard in Resources */ = {isa = PBXBuildFile; fileRef = EDAEB4A9217E46F2009599D6 /* LaunchScreen.storyboard */; };
		EDAEB4B3217E4888009599D6 /* GoogleService-Info.plist in Resources */ = {isa = PBXBuildFile; fileRef = EDAEB4B2217E4888009599D6 /* GoogleService-Info.plist */; };
		EDB6512D2180ED0F004CCA65 /* modeloEvaluacion.swift in Sources */ = {isa = PBXBuildFile; fileRef = EDB6512C2180ED0F004CCA65 /* modeloEvaluacion.swift */; };
		EDE12AC5217E4FD100ACC161 /* MainMenuView.swift in Sources */ = {isa = PBXBuildFile; fileRef = EDE12AC4217E4FD100ACC161 /* MainMenuView.swift */; };
		EDEB77D8219E09DE009EEFBE /* celdaRubros.swift in Sources */ = {isa = PBXBuildFile; fileRef = EDEB77D7219E09DE009EEFBE /* celdaRubros.swift */; };
		EDEE39D62193313700409841 /* evaluacionDetailsVC.swift in Sources */ = {isa = PBXBuildFile; fileRef = EDEE39D52193313700409841 /* evaluacionDetailsVC.swift */; };
/* End PBXBuildFile section */

/* Begin PBXFileReference section */
		0DB4F4208C083D2063824FEF /* Pods-EvaluadorSec.release.xcconfig */ = {isa = PBXFileReference; includeInIndex = 1; lastKnownFileType = text.xcconfig; name = "Pods-EvaluadorSec.release.xcconfig"; path = "Pods/Target Support Files/Pods-EvaluadorSec/Pods-EvaluadorSec.release.xcconfig"; sourceTree = "<group>"; };
		7D57502F31959999C8A204E3 /* Pods-EvaluadorSec.debug.xcconfig */ = {isa = PBXFileReference; includeInIndex = 1; lastKnownFileType = text.xcconfig; name = "Pods-EvaluadorSec.debug.xcconfig"; path = "Pods/Target Support Files/Pods-EvaluadorSec/Pods-EvaluadorSec.debug.xcconfig"; sourceTree = "<group>"; };
		A15CE399B54D8D83BE0D498F /* Pods_EvaluadorSec.framework */ = {isa = PBXFileReference; explicitFileType = wrapper.framework; includeInIndex = 0; path = Pods_EvaluadorSec.framework; sourceTree = BUILT_PRODUCTS_DIR; };
		ED0A3F63219B113D0093251D /* resumenVC.swift */ = {isa = PBXFileReference; lastKnownFileType = sourcecode.swift; path = resumenVC.swift; sourceTree = "<group>"; };
		ED0A3F65219B1B4D0093251D /* celdaObservaciones.swift */ = {isa = PBXFileReference; lastKnownFileType = sourcecode.swift; path = celdaObservaciones.swift; sourceTree = "<group>"; };
		ED2A465121AEDE800091BC86 /* observacionesViewController.swift */ = {isa = PBXFileReference; lastKnownFileType = sourcecode.swift; path = observacionesViewController.swift; sourceTree = "<group>"; };
		ED3431FE219C91BD0054A174 /* iniciarEvaluacion.swift */ = {isa = PBXFileReference; lastKnownFileType = sourcecode.swift; path = iniciarEvaluacion.swift; sourceTree = "<group>"; };
		ED377BD92180BC67005C993B /* EvaluacionesTableVC.swift */ = {isa = PBXFileReference; lastKnownFileType = sourcecode.swift; path = EvaluacionesTableVC.swift; sourceTree = "<group>"; };
		ED49E8832187515300C228D3 /* nuevaEvaluacionVC.swift */ = {isa = PBXFileReference; lastKnownFileType = sourcecode.swift; path = nuevaEvaluacionVC.swift; sourceTree = "<group>"; };
		ED49E88521877C1C00C228D3 /* celdaDatos.swift */ = {isa = PBXFileReference; lastKnownFileType = sourcecode.swift; path = celdaDatos.swift; sourceTree = "<group>"; };
		ED778E652194B8C50094674F /* celdaDetallesEvaluacion.swift */ = {isa = PBXFileReference; lastKnownFileType = sourcecode.swift; path = celdaDetallesEvaluacion.swift; sourceTree = "<group>"; };
		ED778E672194BA5E0094674F /* Rubros.plist */ = {isa = PBXFileReference; lastKnownFileType = text.plist.xml; path = Rubros.plist; sourceTree = "<group>"; };
		ED7979412188EBB50084BD55 /* celdaTablaEvaluaciones.swift */ = {isa = PBXFileReference; lastKnownFileType = sourcecode.swift; path = celdaTablaEvaluaciones.swift; sourceTree = "<group>"; };
		ED8E8A0F217F6EE7000D8AEE /* Docentes.plist */ = {isa = PBXFileReference; lastKnownFileType = text.plist.xml; path = Docentes.plist; sourceTree = "<group>"; };
		ED8E8A11217F8535000D8AEE /* celdaDocente.swift */ = {isa = PBXFileReference; lastKnownFileType = sourcecode.swift; path = celdaDocente.swift; sourceTree = "<group>"; };
		ED8E8A13217F85C3000D8AEE /* modeloMaestro.swift */ = {isa = PBXFileReference; lastKnownFileType = sourcecode.swift; path = modeloMaestro.swift; sourceTree = "<group>"; };
		EDAEB49D217E46EF009599D6 /* EvaluadorSec.app */ = {isa = PBXFileReference; explicitFileType = wrapper.application; includeInIndex = 0; path = EvaluadorSec.app; sourceTree = BUILT_PRODUCTS_DIR; };
		EDAEB4A0217E46EF009599D6 /* AppDelegate.swift */ = {isa = PBXFileReference; lastKnownFileType = sourcecode.swift; path = AppDelegate.swift; sourceTree = "<group>"; };
		EDAEB4A2217E46EF009599D6 /* ViewController.swift */ = {isa = PBXFileReference; lastKnownFileType = sourcecode.swift; path = ViewController.swift; sourceTree = "<group>"; };
		EDAEB4A5217E46EF009599D6 /* Base */ = {isa = PBXFileReference; lastKnownFileType = file.storyboard; name = Base; path = Base.lproj/Main.storyboard; sourceTree = "<group>"; };
		EDAEB4A7217E46F2009599D6 /* Assets.xcassets */ = {isa = PBXFileReference; lastKnownFileType = folder.assetcatalog; path = Assets.xcassets; sourceTree = "<group>"; };
		EDAEB4AA217E46F2009599D6 /* Base */ = {isa = PBXFileReference; lastKnownFileType = file.storyboard; name = Base; path = Base.lproj/LaunchScreen.storyboard; sourceTree = "<group>"; };
		EDAEB4AC217E46F2009599D6 /* Info.plist */ = {isa = PBXFileReference; lastKnownFileType = text.plist.xml; path = Info.plist; sourceTree = "<group>"; };
		EDAEB4B2217E4888009599D6 /* GoogleService-Info.plist */ = {isa = PBXFileReference; fileEncoding = 4; lastKnownFileType = text.plist.xml; path = "GoogleService-Info.plist"; sourceTree = "<group>"; };
		EDB6512C2180ED0F004CCA65 /* modeloEvaluacion.swift */ = {isa = PBXFileReference; lastKnownFileType = sourcecode.swift; path = modeloEvaluacion.swift; sourceTree = "<group>"; };
		EDE12AC4217E4FD100ACC161 /* MainMenuView.swift */ = {isa = PBXFileReference; lastKnownFileType = sourcecode.swift; path = MainMenuView.swift; sourceTree = "<group>"; };
		EDEB77D7219E09DE009EEFBE /* celdaRubros.swift */ = {isa = PBXFileReference; lastKnownFileType = sourcecode.swift; path = celdaRubros.swift; sourceTree = "<group>"; };
		EDEE39D52193313700409841 /* evaluacionDetailsVC.swift */ = {isa = PBXFileReference; lastKnownFileType = sourcecode.swift; path = evaluacionDetailsVC.swift; sourceTree = "<group>"; };
/* End PBXFileReference section */

/* Begin PBXFrameworksBuildPhase section */
		EDAEB49A217E46EF009599D6 /* Frameworks */ = {
			isa = PBXFrameworksBuildPhase;
			buildActionMask = 2147483647;
			files = (
				CCD8B4242B0BE05580CB2C8A /* Pods_EvaluadorSec.framework in Frameworks */,
			);
			runOnlyForDeploymentPostprocessing = 0;
		};
/* End PBXFrameworksBuildPhase section */

/* Begin PBXGroup section */
		5B95755499C74848E0E27037 /* Frameworks */ = {
			isa = PBXGroup;
			children = (
				A15CE399B54D8D83BE0D498F /* Pods_EvaluadorSec.framework */,
			);
			name = Frameworks;
			sourceTree = "<group>";
		};
		E7A575C21007E17DE3F68D7C /* Pods */ = {
			isa = PBXGroup;
			children = (
				7D57502F31959999C8A204E3 /* Pods-EvaluadorSec.debug.xcconfig */,
				0DB4F4208C083D2063824FEF /* Pods-EvaluadorSec.release.xcconfig */,
			);
			name = Pods;
			sourceTree = "<group>";
		};
		EDAEB494217E46EF009599D6 = {
			isa = PBXGroup;
			children = (
				EDAEB49F217E46EF009599D6 /* EvaluadorSec */,
				EDAEB49E217E46EF009599D6 /* Products */,
				E7A575C21007E17DE3F68D7C /* Pods */,
				5B95755499C74848E0E27037 /* Frameworks */,
			);
			sourceTree = "<group>";
		};
		EDAEB49E217E46EF009599D6 /* Products */ = {
			isa = PBXGroup;
			children = (
				EDAEB49D217E46EF009599D6 /* EvaluadorSec.app */,
			);
			name = Products;
			sourceTree = "<group>";
		};
		EDAEB49F217E46EF009599D6 /* EvaluadorSec */ = {
			isa = PBXGroup;
			children = (
				EDAEB4A0217E46EF009599D6 /* AppDelegate.swift */,
				ED8E8A13217F85C3000D8AEE /* modeloMaestro.swift */,
				EDB6512C2180ED0F004CCA65 /* modeloEvaluacion.swift */,
				EDAEB4A2217E46EF009599D6 /* ViewController.swift */,
				EDE12AC4217E4FD100ACC161 /* MainMenuView.swift */,
				ED8E8A11217F8535000D8AEE /* celdaDocente.swift */,
				ED377BD92180BC67005C993B /* EvaluacionesTableVC.swift */,
				ED7979412188EBB50084BD55 /* celdaTablaEvaluaciones.swift */,
				EDEE39D52193313700409841 /* evaluacionDetailsVC.swift */,
				ED778E652194B8C50094674F /* celdaDetallesEvaluacion.swift */,
				ED0A3F63219B113D0093251D /* resumenVC.swift */,
				ED0A3F65219B1B4D0093251D /* celdaObservaciones.swift */,
				ED49E8832187515300C228D3 /* nuevaEvaluacionVC.swift */,
				ED49E88521877C1C00C228D3 /* celdaDatos.swift */,
				ED3431FE219C91BD0054A174 /* iniciarEvaluacion.swift */,
				EDEB77D7219E09DE009EEFBE /* celdaRubros.swift */,
				ED2A465121AEDE800091BC86 /* observacionesViewController.swift */,
				EDAEB4A4217E46EF009599D6 /* Main.storyboard */,
				EDAEB4A7217E46F2009599D6 /* Assets.xcassets */,
				EDAEB4A9217E46F2009599D6 /* LaunchScreen.storyboard */,
				EDAEB4AC217E46F2009599D6 /* Info.plist */,
				EDAEB4B2217E4888009599D6 /* GoogleService-Info.plist */,
				ED8E8A0F217F6EE7000D8AEE /* Docentes.plist */,
				ED778E672194BA5E0094674F /* Rubros.plist */,
			);
			path = EvaluadorSec;
			sourceTree = "<group>";
		};
/* End PBXGroup section */

/* Begin PBXNativeTarget section */
		EDAEB49C217E46EF009599D6 /* EvaluadorSec */ = {
			isa = PBXNativeTarget;
			buildConfigurationList = EDAEB4AF217E46F2009599D6 /* Build configuration list for PBXNativeTarget "EvaluadorSec" */;
			buildPhases = (
				468BB66242030404D004CFF3 /* [CP] Check Pods Manifest.lock */,
				EDAEB499217E46EF009599D6 /* Sources */,
				EDAEB49A217E46EF009599D6 /* Frameworks */,
				EDAEB49B217E46EF009599D6 /* Resources */,
				A3E8C9AA724BB93ED51C5254 /* [CP] Embed Pods Frameworks */,
			);
			buildRules = (
			);
			dependencies = (
			);
			name = EvaluadorSec;
			productName = EvaluadorSec;
			productReference = EDAEB49D217E46EF009599D6 /* EvaluadorSec.app */;
			productType = "com.apple.product-type.application";
		};
/* End PBXNativeTarget section */

/* Begin PBXProject section */
		EDAEB495217E46EF009599D6 /* Project object */ = {
			isa = PBXProject;
			attributes = {
				LastSwiftUpdateCheck = 1000;
				LastUpgradeCheck = 1000;
				ORGANIZATIONNAME = "Fernando Vázquez Bernal";
				TargetAttributes = {
					EDAEB49C217E46EF009599D6 = {
						CreatedOnToolsVersion = 10.0;
					};
				};
			};
			buildConfigurationList = EDAEB498217E46EF009599D6 /* Build configuration list for PBXProject "EvaluadorSec" */;
			compatibilityVersion = "Xcode 9.3";
			developmentRegion = en;
			hasScannedForEncodings = 0;
			knownRegions = (
				en,
				Base,
			);
			mainGroup = EDAEB494217E46EF009599D6;
			productRefGroup = EDAEB49E217E46EF009599D6 /* Products */;
			projectDirPath = "";
			projectRoot = "";
			targets = (
				EDAEB49C217E46EF009599D6 /* EvaluadorSec */,
			);
		};
/* End PBXProject section */

/* Begin PBXResourcesBuildPhase section */
		EDAEB49B217E46EF009599D6 /* Resources */ = {
			isa = PBXResourcesBuildPhase;
			buildActionMask = 2147483647;
			files = (
				EDAEB4AB217E46F2009599D6 /* LaunchScreen.storyboard in Resources */,
				ED8E8A10217F6EE7000D8AEE /* Docentes.plist in Resources */,
				EDAEB4B3217E4888009599D6 /* GoogleService-Info.plist in Resources */,
				ED778E682194BA5E0094674F /* Rubros.plist in Resources */,
				EDAEB4A8217E46F2009599D6 /* Assets.xcassets in Resources */,
				EDAEB4A6217E46EF009599D6 /* Main.storyboard in Resources */,
			);
			runOnlyForDeploymentPostprocessing = 0;
		};
/* End PBXResourcesBuildPhase section */

/* Begin PBXShellScriptBuildPhase section */
		468BB66242030404D004CFF3 /* [CP] Check Pods Manifest.lock */ = {
			isa = PBXShellScriptBuildPhase;
			buildActionMask = 2147483647;
			files = (
			);
			inputPaths = (
				"${PODS_PODFILE_DIR_PATH}/Podfile.lock",
				"${PODS_ROOT}/Manifest.lock",
			);
			name = "[CP] Check Pods Manifest.lock";
			outputPaths = (
				"$(DERIVED_FILE_DIR)/Pods-EvaluadorSec-checkManifestLockResult.txt",
			);
			runOnlyForDeploymentPostprocessing = 0;
			shellPath = /bin/sh;
			shellScript = "diff \"${PODS_PODFILE_DIR_PATH}/Podfile.lock\" \"${PODS_ROOT}/Manifest.lock\" > /dev/null\nif [ $? != 0 ] ; then\n    # print error to STDERR\n    echo \"error: The sandbox is not in sync with the Podfile.lock. Run 'pod install' or update your CocoaPods installation.\" >&2\n    exit 1\nfi\n# This output is used by Xcode 'outputs' to avoid re-running this script phase.\necho \"SUCCESS\" > \"${SCRIPT_OUTPUT_FILE_0}\"\n";
			showEnvVarsInLog = 0;
		};
		A3E8C9AA724BB93ED51C5254 /* [CP] Embed Pods Frameworks */ = {
			isa = PBXShellScriptBuildPhase;
			buildActionMask = 2147483647;
			files = (
			);
			inputPaths = (
				"${SRCROOT}/Pods/Target Support Files/Pods-EvaluadorSec/Pods-EvaluadorSec-frameworks.sh",
				"${BUILT_PRODUCTS_DIR}/GTMSessionFetcher/GTMSessionFetcher.framework",
				"${BUILT_PRODUCTS_DIR}/GoogleUtilities/GoogleUtilities.framework",
				"${BUILT_PRODUCTS_DIR}/SVProgressHUD/SVProgressHUD.framework",
				"${BUILT_PRODUCTS_DIR}/leveldb-library/leveldb.framework",
				"${BUILT_PRODUCTS_DIR}/nanopb/nanopb.framework",
			);
			name = "[CP] Embed Pods Frameworks";
			outputPaths = (
				"${TARGET_BUILD_DIR}/${FRAMEWORKS_FOLDER_PATH}/GTMSessionFetcher.framework",
				"${TARGET_BUILD_DIR}/${FRAMEWORKS_FOLDER_PATH}/GoogleUtilities.framework",
				"${TARGET_BUILD_DIR}/${FRAMEWORKS_FOLDER_PATH}/SVProgressHUD.framework",
				"${TARGET_BUILD_DIR}/${FRAMEWORKS_FOLDER_PATH}/leveldb.framework",
				"${TARGET_BUILD_DIR}/${FRAMEWORKS_FOLDER_PATH}/nanopb.framework",
			);
			runOnlyForDeploymentPostprocessing = 0;
			shellPath = /bin/sh;
			shellScript = "\"${SRCROOT}/Pods/Target Support Files/Pods-EvaluadorSec/Pods-EvaluadorSec-frameworks.sh\"\n";
			showEnvVarsInLog = 0;
		};
/* End PBXShellScriptBuildPhase section */

/* Begin PBXSourcesBuildPhase section */
		EDAEB499217E46EF009599D6 /* Sources */ = {
			isa = PBXSourcesBuildPhase;
			buildActionMask = 2147483647;
			files = (
				ED49E88621877C1C00C228D3 /* celdaDatos.swift in Sources */,
				ED7979422188EBB50084BD55 /* celdaTablaEvaluaciones.swift in Sources */,
				EDEB77D8219E09DE009EEFBE /* celdaRubros.swift in Sources */,
				ED778E662194B8C60094674F /* celdaDetallesEvaluacion.swift in Sources */,
				ED377BDA2180BC67005C993B /* EvaluacionesTableVC.swift in Sources */,
				EDEE39D62193313700409841 /* evaluacionDetailsVC.swift in Sources */,
				ED0A3F66219B1B4D0093251D /* celdaObservaciones.swift in Sources */,
				ED49E8842187515300C228D3 /* nuevaEvaluacionVC.swift in Sources */,
				ED8E8A12217F8535000D8AEE /* celdaDocente.swift in Sources */,
				EDE12AC5217E4FD100ACC161 /* MainMenuView.swift in Sources */,
				EDB6512D2180ED0F004CCA65 /* modeloEvaluacion.swift in Sources */,
				ED3431FF219C91BD0054A174 /* iniciarEvaluacion.swift in Sources */,
				EDAEB4A3217E46EF009599D6 /* ViewController.swift in Sources */,
				EDAEB4A1217E46EF009599D6 /* AppDelegate.swift in Sources */,
				ED0A3F64219B113D0093251D /* resumenVC.swift in Sources */,
				ED2A465221AEDE800091BC86 /* observacionesViewController.swift in Sources */,
				ED8E8A14217F85C3000D8AEE /* modeloMaestro.swift in Sources */,
			);
			runOnlyForDeploymentPostprocessing = 0;
		};
/* End PBXSourcesBuildPhase section */

/* Begin PBXVariantGroup section */
		EDAEB4A4217E46EF009599D6 /* Main.storyboard */ = {
			isa = PBXVariantGroup;
			children = (
				EDAEB4A5217E46EF009599D6 /* Base */,
			);
			name = Main.storyboard;
			sourceTree = "<group>";
		};
		EDAEB4A9217E46F2009599D6 /* LaunchScreen.storyboard */ = {
			isa = PBXVariantGroup;
			children = (
				EDAEB4AA217E46F2009599D6 /* Base */,
			);
			name = LaunchScreen.storyboard;
			sourceTree = "<group>";
		};
/* End PBXVariantGroup section */

/* Begin XCBuildConfiguration section */
		EDAEB4AD217E46F2009599D6 /* Debug */ = {
			isa = XCBuildConfiguration;
			buildSettings = {
				ALWAYS_SEARCH_USER_PATHS = NO;
				CLANG_ANALYZER_NONNULL = YES;
				CLANG_ANALYZER_NUMBER_OBJECT_CONVERSION = YES_AGGRESSIVE;
				CLANG_CXX_LANGUAGE_STANDARD = "gnu++14";
				CLANG_CXX_LIBRARY = "libc++";
				CLANG_ENABLE_MODULES = YES;
				CLANG_ENABLE_OBJC_ARC = YES;
				CLANG_ENABLE_OBJC_WEAK = YES;
				CLANG_WARN_BLOCK_CAPTURE_AUTORELEASING = YES;
				CLANG_WARN_BOOL_CONVERSION = YES;
				CLANG_WARN_COMMA = YES;
				CLANG_WARN_CONSTANT_CONVERSION = YES;
				CLANG_WARN_DEPRECATED_OBJC_IMPLEMENTATIONS = YES;
				CLANG_WARN_DIRECT_OBJC_ISA_USAGE = YES_ERROR;
				CLANG_WARN_DOCUMENTATION_COMMENTS = YES;
				CLANG_WARN_EMPTY_BODY = YES;
				CLANG_WARN_ENUM_CONVERSION = YES;
				CLANG_WARN_INFINITE_RECURSION = YES;
				CLANG_WARN_INT_CONVERSION = YES;
				CLANG_WARN_NON_LITERAL_NULL_CONVERSION = YES;
				CLANG_WARN_OBJC_IMPLICIT_RETAIN_SELF = YES;
				CLANG_WARN_OBJC_LITERAL_CONVERSION = YES;
				CLANG_WARN_OBJC_ROOT_CLASS = YES_ERROR;
				CLANG_WARN_RANGE_LOOP_ANALYSIS = YES;
				CLANG_WARN_STRICT_PROTOTYPES = YES;
				CLANG_WARN_SUSPICIOUS_MOVE = YES;
				CLANG_WARN_UNGUARDED_AVAILABILITY = YES_AGGRESSIVE;
				CLANG_WARN_UNREACHABLE_CODE = YES;
				CLANG_WARN__DUPLICATE_METHOD_MATCH = YES;
				CODE_SIGN_IDENTITY = "iPhone Developer";
				COPY_PHASE_STRIP = NO;
				DEBUG_INFORMATION_FORMAT = dwarf;
				ENABLE_STRICT_OBJC_MSGSEND = YES;
				ENABLE_TESTABILITY = YES;
				GCC_C_LANGUAGE_STANDARD = gnu11;
				GCC_DYNAMIC_NO_PIC = NO;
				GCC_NO_COMMON_BLOCKS = YES;
				GCC_OPTIMIZATION_LEVEL = 0;
				GCC_PREPROCESSOR_DEFINITIONS = (
					"DEBUG=1",
					"$(inherited)",
				);
				GCC_WARN_64_TO_32_BIT_CONVERSION = YES;
				GCC_WARN_ABOUT_RETURN_TYPE = YES_ERROR;
				GCC_WARN_UNDECLARED_SELECTOR = YES;
				GCC_WARN_UNINITIALIZED_AUTOS = YES_AGGRESSIVE;
				GCC_WARN_UNUSED_FUNCTION = YES;
				GCC_WARN_UNUSED_VARIABLE = YES;
				IPHONEOS_DEPLOYMENT_TARGET = 9.0;
				MTL_ENABLE_DEBUG_INFO = INCLUDE_SOURCE;
				MTL_FAST_MATH = YES;
				ONLY_ACTIVE_ARCH = YES;
				SDKROOT = iphoneos;
				SWIFT_ACTIVE_COMPILATION_CONDITIONS = DEBUG;
				SWIFT_OPTIMIZATION_LEVEL = "-Onone";
			};
			name = Debug;
		};
		EDAEB4AE217E46F2009599D6 /* Release */ = {
			isa = XCBuildConfiguration;
			buildSettings = {
				ALWAYS_SEARCH_USER_PATHS = NO;
				CLANG_ANALYZER_NONNULL = YES;
				CLANG_ANALYZER_NUMBER_OBJECT_CONVERSION = YES_AGGRESSIVE;
				CLANG_CXX_LANGUAGE_STANDARD = "gnu++14";
				CLANG_CXX_LIBRARY = "libc++";
				CLANG_ENABLE_MODULES = YES;
				CLANG_ENABLE_OBJC_ARC = YES;
				CLANG_ENABLE_OBJC_WEAK = YES;
				CLANG_WARN_BLOCK_CAPTURE_AUTORELEASING = YES;
				CLANG_WARN_BOOL_CONVERSION = YES;
				CLANG_WARN_COMMA = YES;
				CLANG_WARN_CONSTANT_CONVERSION = YES;
				CLANG_WARN_DEPRECATED_OBJC_IMPLEMENTATIONS = YES;
				CLANG_WARN_DIRECT_OBJC_ISA_USAGE = YES_ERROR;
				CLANG_WARN_DOCUMENTATION_COMMENTS = YES;
				CLANG_WARN_EMPTY_BODY = YES;
				CLANG_WARN_ENUM_CONVERSION = YES;
				CLANG_WARN_INFINITE_RECURSION = YES;
				CLANG_WARN_INT_CONVERSION = YES;
				CLANG_WARN_NON_LITERAL_NULL_CONVERSION = YES;
				CLANG_WARN_OBJC_IMPLICIT_RETAIN_SELF = YES;
				CLANG_WARN_OBJC_LITERAL_CONVERSION = YES;
				CLANG_WARN_OBJC_ROOT_CLASS = YES_ERROR;
				CLANG_WARN_RANGE_LOOP_ANALYSIS = YES;
				CLANG_WARN_STRICT_PROTOTYPES = YES;
				CLANG_WARN_SUSPICIOUS_MOVE = YES;
				CLANG_WARN_UNGUARDED_AVAILABILITY = YES_AGGRESSIVE;
				CLANG_WARN_UNREACHABLE_CODE = YES;
				CLANG_WARN__DUPLICATE_METHOD_MATCH = YES;
				CODE_SIGN_IDENTITY = "iPhone Developer";
				COPY_PHASE_STRIP = NO;
				DEBUG_INFORMATION_FORMAT = "dwarf-with-dsym";
				ENABLE_NS_ASSERTIONS = NO;
				ENABLE_STRICT_OBJC_MSGSEND = YES;
				GCC_C_LANGUAGE_STANDARD = gnu11;
				GCC_NO_COMMON_BLOCKS = YES;
				GCC_WARN_64_TO_32_BIT_CONVERSION = YES;
				GCC_WARN_ABOUT_RETURN_TYPE = YES_ERROR;
				GCC_WARN_UNDECLARED_SELECTOR = YES;
				GCC_WARN_UNINITIALIZED_AUTOS = YES_AGGRESSIVE;
				GCC_WARN_UNUSED_FUNCTION = YES;
				GCC_WARN_UNUSED_VARIABLE = YES;
				IPHONEOS_DEPLOYMENT_TARGET = 9.0;
				MTL_ENABLE_DEBUG_INFO = NO;
				MTL_FAST_MATH = YES;
				SDKROOT = iphoneos;
				SWIFT_COMPILATION_MODE = wholemodule;
				SWIFT_OPTIMIZATION_LEVEL = "-O";
				VALIDATE_PRODUCT = YES;
			};
			name = Release;
		};
		EDAEB4B0217E46F2009599D6 /* Debug */ = {
			isa = XCBuildConfiguration;
			baseConfigurationReference = 7D57502F31959999C8A204E3 /* Pods-EvaluadorSec.debug.xcconfig */;
			buildSettings = {
				ASSETCATALOG_COMPILER_APPICON_NAME = AppIcon;
				CODE_SIGN_STYLE = Automatic;
				DEVELOPMENT_TEAM = 738YZJQJ3T;
				INFOPLIST_FILE = EvaluadorSec/Info.plist;
				IPHONEOS_DEPLOYMENT_TARGET = 9.0;
				LD_RUNPATH_SEARCH_PATHS = (
					"$(inherited)",
					"@executable_path/Frameworks",
				);
				PRODUCT_BUNDLE_IDENTIFIER = com.devfvb.EvaluadorSec;
				PRODUCT_NAME = "$(TARGET_NAME)";
				SWIFT_VERSION = 4.2;
				TARGETED_DEVICE_FAMILY = 2;
			};
			name = Debug;
		};
		EDAEB4B1217E46F2009599D6 /* Release */ = {
			isa = XCBuildConfiguration;
			baseConfigurationReference = 0DB4F4208C083D2063824FEF /* Pods-EvaluadorSec.release.xcconfig */;
			buildSettings = {
				ASSETCATALOG_COMPILER_APPICON_NAME = AppIcon;
				CODE_SIGN_STYLE = Automatic;
				DEVELOPMENT_TEAM = 738YZJQJ3T;
				INFOPLIST_FILE = EvaluadorSec/Info.plist;
				IPHONEOS_DEPLOYMENT_TARGET = 9.0;
				LD_RUNPATH_SEARCH_PATHS = (
					"$(inherited)",
					"@executable_path/Frameworks",
				);
				PRODUCT_BUNDLE_IDENTIFIER = com.devfvb.EvaluadorSec;
				PRODUCT_NAME = "$(TARGET_NAME)";
				SWIFT_VERSION = 4.2;
				TARGETED_DEVICE_FAMILY = 2;
			};
			name = Release;
		};
/* End XCBuildConfiguration section */

/* Begin XCConfigurationList section */
		EDAEB498217E46EF009599D6 /* Build configuration list for PBXProject "EvaluadorSec" */ = {
			isa = XCConfigurationList;
			buildConfigurations = (
				EDAEB4AD217E46F2009599D6 /* Debug */,
				EDAEB4AE217E46F2009599D6 /* Release */,
			);
			defaultConfigurationIsVisible = 0;
			defaultConfigurationName = Release;
		};
		EDAEB4AF217E46F2009599D6 /* Build configuration list for PBXNativeTarget "EvaluadorSec" */ = {
			isa = XCConfigurationList;
			buildConfigurations = (
				EDAEB4B0217E46F2009599D6 /* Debug */,
				EDAEB4B1217E46F2009599D6 /* Release */,
			);
			defaultConfigurationIsVisible = 0;
			defaultConfigurationName = Release;
		};
/* End XCConfigurationList section */
	};
	rootObject = EDAEB495217E46EF009599D6 /* Project object */;
}
